
Microsoft Visual Studio Solution File, Format Version 12.00
# Visual Studio Version 17
VisualStudioVersion = 17.1.32328.378
MinimumVisualStudioVersion = 10.0.40219.1
Project("{9A19103F-16F7-4668-BE54-9A1E7A4F7556}") = "Task 12 Generic Type, Generic Member", "Task 12 Generic Type, Generic Member.csproj", "{06731768-EE7A-43EF-A71E-78EB878B66DE}"
EndProject
Global
	GlobalSection(SolutionConfigurationPlatforms) = preSolution
		Debug|Any CPU = Debug|Any CPU
		Release|Any CPU = Release|Any CPU
	EndGlobalSection
	GlobalSection(ProjectConfigurationPlatforms) = postSolution
		{06731768-EE7A-43EF-A71E-78EB878B66DE}.Debug|Any CPU.ActiveCfg = Debug|Any CPU
		{06731768-EE7A-43EF-A71E-78EB878B66DE}.Debug|Any CPU.Build.0 = Debug|Any CPU
		{06731768-EE7A-43EF-A71E-78EB878B66DE}.Release|Any CPU.ActiveCfg = Release|Any CPU
		{06731768-EE7A-43EF-A71E-78EB878B66DE}.Release|Any CPU.Build.0 = Release|Any CPU
	EndGlobalSection
	GlobalSection(SolutionProperties) = preSolution
		HideSolutionNode = FALSE
	EndGlobalSection
	GlobalSection(ExtensibilityGlobals) = postSolution
		SolutionGuid = {F8797984-B80C-47DB-A99A-A4B639A7E0A9}
	EndGlobalSection
EndGlobal
