
Microsoft Visual Studio Solution File, Format Version 12.00
# Visual Studio Version 17
VisualStudioVersion = 17.1.32328.378
MinimumVisualStudioVersion = 10.0.40219.1
Project("{9A19103F-16F7-4668-BE54-9A1E7A4F7556}") = "Task 3 OOP", "Task 3 OOP(Revork)\Task 3 OOP.csproj", "{10B3F4FC-9C76-42FB-9C31-BF998462D8DF}"
EndProject
Project("{9A19103F-16F7-4668-BE54-9A1E7A4F7556}") = "Task 4 Value and Ref", "Task 4 Value and Ref(Revork)\Task 4 Value and Ref.csproj", "{A0B002EA-ADEA-45A4-8095-82A78011E64A}"
EndProject
Project("{9A19103F-16F7-4668-BE54-9A1E7A4F7556}") = "Task 5 Convetable", "Task 5 Convert(Revork)\Task 5 Convetable.csproj", "{4890CCED-E1BF-4122-AB2B-090F87D50E45}"
EndProject
Project("{9A19103F-16F7-4668-BE54-9A1E7A4F7556}") = "Task 7 IEnumerable,IEnumerator", "Tas 7 IEnumerable,IEnumerator\Task 7 IEnumerable,IEnumerator.csproj", "{D9B81217-8A24-446A-9171-8B3D72CB4381}"
EndProject
Project("{9A19103F-16F7-4668-BE54-9A1E7A4F7556}") = "Task 8 Linq", "Task 8 Linq(Revork)\Task 8 Linq.csproj", "{AD1DA5B4-FEDF-4BAF-B34B-C448F861629C}"
EndProject
Project("{9A19103F-16F7-4668-BE54-9A1E7A4F7556}") = "Task 9 IComparable", "Task 9 IComparable(Revork)\Task 9 IComparable.csproj", "{2F029854-AA2D-4D83-91BC-83B510B381DB}"
EndProject
Project("{9A19103F-16F7-4668-BE54-9A1E7A4F7556}") = "Task 11 List, Dictionary", "Task 11 List, Dictionary (Revork)\Task 11 List, Dictionary.csproj", "{D86098A6-3C13-424B-AFAA-92FC218500FA}"
EndProject
Project("{9A19103F-16F7-4668-BE54-9A1E7A4F7556}") = "Task 12 Generic Type, Generic Member", "Task 12 Generic Type, Generic Member (Revork)\Task 12 Generic Type, Generic Member.csproj", "{40EB3E6F-2152-45D2-9230-65700DDE943C}"
EndProject
Project("{9A19103F-16F7-4668-BE54-9A1E7A4F7556}") = "Task 12 Generic Type, Generic Member(2)", "Task 12 Generic Type, Generic Member(2)\Task 12 Generic Type, Generic Member(2).csproj", "{0406001C-52C8-4E71-86A6-27D0FA6778B2}"
EndProject
Project("{9A19103F-16F7-4668-BE54-9A1E7A4F7556}") = "Task6 BoxingUnboxing", "Task6 BoxingUnboxing\Task6 BoxingUnboxing.csproj", "{CF234F6D-F8AF-49B8-A8EF-3E6D1ACB20F8}"
EndProject
Project("{9A19103F-16F7-4668-BE54-9A1E7A4F7556}") = "Task 10 GetHashCode(), Equals()", "Task 10 GetHashCode(), Equals() (Revork)\Task 10 GetHashCode(), Equals().csproj", "{C8F89523-D7B0-4FDD-B792-DDF219331EC2}"
EndProject
Global
	GlobalSection(SolutionConfigurationPlatforms) = preSolution
		Debug|Any CPU = Debug|Any CPU
		Release|Any CPU = Release|Any CPU
	EndGlobalSection
	GlobalSection(ProjectConfigurationPlatforms) = postSolution
		{10B3F4FC-9C76-42FB-9C31-BF998462D8DF}.Debug|Any CPU.ActiveCfg = Debug|Any CPU
		{10B3F4FC-9C76-42FB-9C31-BF998462D8DF}.Debug|Any CPU.Build.0 = Debug|Any CPU
		{10B3F4FC-9C76-42FB-9C31-BF998462D8DF}.Release|Any CPU.ActiveCfg = Release|Any CPU
		{10B3F4FC-9C76-42FB-9C31-BF998462D8DF}.Release|Any CPU.Build.0 = Release|Any CPU
		{A0B002EA-ADEA-45A4-8095-82A78011E64A}.Debug|Any CPU.ActiveCfg = Debug|Any CPU
		{A0B002EA-ADEA-45A4-8095-82A78011E64A}.Debug|Any CPU.Build.0 = Debug|Any CPU
		{A0B002EA-ADEA-45A4-8095-82A78011E64A}.Release|Any CPU.ActiveCfg = Release|Any CPU
		{A0B002EA-ADEA-45A4-8095-82A78011E64A}.Release|Any CPU.Build.0 = Release|Any CPU
		{4890CCED-E1BF-4122-AB2B-090F87D50E45}.Debug|Any CPU.ActiveCfg = Debug|Any CPU
		{4890CCED-E1BF-4122-AB2B-090F87D50E45}.Debug|Any CPU.Build.0 = Debug|Any CPU
		{4890CCED-E1BF-4122-AB2B-090F87D50E45}.Release|Any CPU.ActiveCfg = Release|Any CPU
		{4890CCED-E1BF-4122-AB2B-090F87D50E45}.Release|Any CPU.Build.0 = Release|Any CPU
		{D9B81217-8A24-446A-9171-8B3D72CB4381}.Debug|Any CPU.ActiveCfg = Debug|Any CPU
		{D9B81217-8A24-446A-9171-8B3D72CB4381}.Debug|Any CPU.Build.0 = Debug|Any CPU
		{D9B81217-8A24-446A-9171-8B3D72CB4381}.Release|Any CPU.ActiveCfg = Release|Any CPU
		{D9B81217-8A24-446A-9171-8B3D72CB4381}.Release|Any CPU.Build.0 = Release|Any CPU
		{AD1DA5B4-FEDF-4BAF-B34B-C448F861629C}.Debug|Any CPU.ActiveCfg = Debug|Any CPU
		{AD1DA5B4-FEDF-4BAF-B34B-C448F861629C}.Debug|Any CPU.Build.0 = Debug|Any CPU
		{AD1DA5B4-FEDF-4BAF-B34B-C448F861629C}.Release|Any CPU.ActiveCfg = Release|Any CPU
		{AD1DA5B4-FEDF-4BAF-B34B-C448F861629C}.Release|Any CPU.Build.0 = Release|Any CPU
		{2F029854-AA2D-4D83-91BC-83B510B381DB}.Debug|Any CPU.ActiveCfg = Debug|Any CPU
		{2F029854-AA2D-4D83-91BC-83B510B381DB}.Debug|Any CPU.Build.0 = Debug|Any CPU
		{2F029854-AA2D-4D83-91BC-83B510B381DB}.Release|Any CPU.ActiveCfg = Release|Any CPU
		{2F029854-AA2D-4D83-91BC-83B510B381DB}.Release|Any CPU.Build.0 = Release|Any CPU
		{D86098A6-3C13-424B-AFAA-92FC218500FA}.Debug|Any CPU.ActiveCfg = Debug|Any CPU
		{D86098A6-3C13-424B-AFAA-92FC218500FA}.Debug|Any CPU.Build.0 = Debug|Any CPU
		{D86098A6-3C13-424B-AFAA-92FC218500FA}.Release|Any CPU.ActiveCfg = Release|Any CPU
		{D86098A6-3C13-424B-AFAA-92FC218500FA}.Release|Any CPU.Build.0 = Release|Any CPU
		{40EB3E6F-2152-45D2-9230-65700DDE943C}.Debug|Any CPU.ActiveCfg = Debug|Any CPU
		{40EB3E6F-2152-45D2-9230-65700DDE943C}.Debug|Any CPU.Build.0 = Debug|Any CPU
		{40EB3E6F-2152-45D2-9230-65700DDE943C}.Release|Any CPU.ActiveCfg = Release|Any CPU
		{40EB3E6F-2152-45D2-9230-65700DDE943C}.Release|Any CPU.Build.0 = Release|Any CPU
		{0406001C-52C8-4E71-86A6-27D0FA6778B2}.Debug|Any CPU.ActiveCfg = Debug|Any CPU
		{0406001C-52C8-4E71-86A6-27D0FA6778B2}.Debug|Any CPU.Build.0 = Debug|Any CPU
		{0406001C-52C8-4E71-86A6-27D0FA6778B2}.Release|Any CPU.ActiveCfg = Release|Any CPU
		{0406001C-52C8-4E71-86A6-27D0FA6778B2}.Release|Any CPU.Build.0 = Release|Any CPU
		{CF234F6D-F8AF-49B8-A8EF-3E6D1ACB20F8}.Debug|Any CPU.ActiveCfg = Debug|Any CPU
		{CF234F6D-F8AF-49B8-A8EF-3E6D1ACB20F8}.Debug|Any CPU.Build.0 = Debug|Any CPU
		{CF234F6D-F8AF-49B8-A8EF-3E6D1ACB20F8}.Release|Any CPU.ActiveCfg = Release|Any CPU
		{CF234F6D-F8AF-49B8-A8EF-3E6D1ACB20F8}.Release|Any CPU.Build.0 = Release|Any CPU
		{C8F89523-D7B0-4FDD-B792-DDF219331EC2}.Debug|Any CPU.ActiveCfg = Debug|Any CPU
		{C8F89523-D7B0-4FDD-B792-DDF219331EC2}.Debug|Any CPU.Build.0 = Debug|Any CPU
		{C8F89523-D7B0-4FDD-B792-DDF219331EC2}.Release|Any CPU.ActiveCfg = Release|Any CPU
		{C8F89523-D7B0-4FDD-B792-DDF219331EC2}.Release|Any CPU.Build.0 = Release|Any CPU
	EndGlobalSection
	GlobalSection(SolutionProperties) = preSolution
		HideSolutionNode = FALSE
	EndGlobalSection
	GlobalSection(ExtensibilityGlobals) = postSolution
		SolutionGuid = {BB45A672-5BDE-4859-8C10-5F6DA01898F0}
	EndGlobalSection
EndGlobal
